
Microsoft Visual Studio Solution File, Format Version 11.00
# Visual Studio 2010
Project("{FAE04EC0-301F-11D3-BF4B-00C04F79EFBC}") = "CCH", "CertiTAX\CCH.csproj", "{2D402094-8288-46E2-BE75-3A5ABC18F872}"
EndProject
Project("{FAE04EC0-301F-11D3-BF4B-00C04F79EFBC}") = "AbleCommerceTax", "AbleCommerceTax\AbleCommerceTax.csproj", "{5412E076-C450-43B5-A019-1086D9A517DE}"
EndProject
Project("{FAE04EC0-301F-11D3-BF4B-00C04F79EFBC}") = "AvaTax", "Avalara\AvaTax.csproj", "{642DEFC7-67CA-4A33-B1DF-4D1976B82C03}"
EndProject
Project("{FAE04EC0-301F-11D3-BF4B-00C04F79EFBC}") = "WATax", "WATax\WATax.csproj", "{42FBD8C0-22A2-49E9-A369-BA5F3424EBB4}"
EndProject
Global
	GlobalSection(SolutionConfigurationPlatforms) = preSolution
		Debug|Any CPU = Debug|Any CPU
		Release|Any CPU = Release|Any CPU
	EndGlobalSection
	GlobalSection(ProjectConfigurationPlatforms) = postSolution
		{2D402094-8288-46E2-BE75-3A5ABC18F872}.Debug|Any CPU.ActiveCfg = Debug|Any CPU
		{2D402094-8288-46E2-BE75-3A5ABC18F872}.Debug|Any CPU.Build.0 = Debug|Any CPU
		{2D402094-8288-46E2-BE75-3A5ABC18F872}.Release|Any CPU.ActiveCfg = Release|Any CPU
		{2D402094-8288-46E2-BE75-3A5ABC18F872}.Release|Any CPU.Build.0 = Release|Any CPU
		{5412E076-C450-43B5-A019-1086D9A517DE}.Debug|Any CPU.ActiveCfg = Debug|Any CPU
		{5412E076-C450-43B5-A019-1086D9A517DE}.Debug|Any CPU.Build.0 = Debug|Any CPU
		{5412E076-C450-43B5-A019-1086D9A517DE}.Release|Any CPU.ActiveCfg = Release|Any CPU
		{5412E076-C450-43B5-A019-1086D9A517DE}.Release|Any CPU.Build.0 = Release|Any CPU
		{642DEFC7-67CA-4A33-B1DF-4D1976B82C03}.Debug|Any CPU.ActiveCfg = Debug|Any CPU
		{642DEFC7-67CA-4A33-B1DF-4D1976B82C03}.Debug|Any CPU.Build.0 = Debug|Any CPU
		{642DEFC7-67CA-4A33-B1DF-4D1976B82C03}.Release|Any CPU.ActiveCfg = Release|Any CPU
		{642DEFC7-67CA-4A33-B1DF-4D1976B82C03}.Release|Any CPU.Build.0 = Release|Any CPU
		{42FBD8C0-22A2-49E9-A369-BA5F3424EBB4}.Debug|Any CPU.ActiveCfg = Debug|Any CPU
		{42FBD8C0-22A2-49E9-A369-BA5F3424EBB4}.Debug|Any CPU.Build.0 = Debug|Any CPU
		{42FBD8C0-22A2-49E9-A369-BA5F3424EBB4}.Release|Any CPU.ActiveCfg = Release|Any CPU
		{42FBD8C0-22A2-49E9-A369-BA5F3424EBB4}.Release|Any CPU.Build.0 = Release|Any CPU
	EndGlobalSection
	GlobalSection(SolutionProperties) = preSolution
		HideSolutionNode = FALSE
	EndGlobalSection
EndGlobal
