
Microsoft Visual Studio Solution File, Format Version 9.00
# Visual Studio 2005
Project("{FAE04EC0-301F-11D3-BF4B-00C04F79EFBC}") = "PayPal", "PayPal\PayPal.csproj", "{229883AA-88A2-45FB-9261-5E2C0F0C93B2}"
EndProject
Project("{FAE04EC0-301F-11D3-BF4B-00C04F79EFBC}") = "CyberSource", "CyberSource\CyberSource.csproj", "{FADC61F7-EE20-4A68-A248-D18AFDE74794}"
EndProject
Project("{FAE04EC0-301F-11D3-BF4B-00C04F79EFBC}") = "LinkPoint", "LinkPoint\LinkPoint.csproj", "{355337EA-B64B-4236-A64A-97ADE8C6B82D}"
EndProject
Project("{FAE04EC0-301F-11D3-BF4B-00C04F79EFBC}") = "Paradata", "Paradata\Paradata.csproj", "{82C19E17-453D-4464-A060-BAF68964291A}"
EndProject
Project("{FAE04EC0-301F-11D3-BF4B-00C04F79EFBC}") = "PayFlowPro", "PayFlowPro\PayFlowPro.csproj", "{133A0EEF-7BDE-432A-9C5F-B53B2B962D7E}"
EndProject
Project("{FAE04EC0-301F-11D3-BF4B-00C04F79EFBC}") = "AuthorizeNet", "AuthorizeNet\AuthorizeNet.csproj", "{BC821C70-765C-4F2B-91A3-F6C4866B6E11}"
EndProject
Project("{FAE04EC0-301F-11D3-BF4B-00C04F79EFBC}") = "InternetSecure", "InternetSecure\InternetSecure.csproj", "{CD8B597E-D8A6-40AB-8416-028B3C61FAF2}"
EndProject
Project("{FAE04EC0-301F-11D3-BF4B-00C04F79EFBC}") = "PayJunction", "PayJunction\PayJunction.csproj", "{3FAA9784-A141-4E88-BAF6-CA5B6EE6C786}"
EndProject
Project("{FAE04EC0-301F-11D3-BF4B-00C04F79EFBC}") = "SkipJack", "SkipJack\SkipJack.csproj", "{2F956A23-F11A-4654-8914-00660471B5C1}"
EndProject
Project("{FAE04EC0-301F-11D3-BF4B-00C04F79EFBC}") = "GoogleCheckout", "GoogleCheckout\GoogleCheckout.csproj", "{50A7FA4A-EEC3-4C4A-A654-B8CFC947C22B}"
EndProject
Project("{FAE04EC0-301F-11D3-BF4B-00C04F79EFBC}") = "AcTestProvider", "AcTestProvider\AcTestProvider.csproj", "{53841867-2570-4269-95EC-38BC1751C21F}"
EndProject
Project("{FAE04EC0-301F-11D3-BF4B-00C04F79EFBC}") = "Protx", "Protx\Protx.csproj", "{F0A84D2C-B8CB-40F3-AC7B-83F066476A2F}"
EndProject
Project("{FAE04EC0-301F-11D3-BF4B-00C04F79EFBC}") = "PaymentechOrbital", "PaymentechOrbital\PaymentechOrbital.csproj", "{B4C415C4-33D5-4929-BB16-6985D50FCC52}"
EndProject
Global
	GlobalSection(SolutionConfigurationPlatforms) = preSolution
		Debug|Any CPU = Debug|Any CPU
		Release|Any CPU = Release|Any CPU
	EndGlobalSection
	GlobalSection(ProjectConfigurationPlatforms) = postSolution
		{229883AA-88A2-45FB-9261-5E2C0F0C93B2}.Debug|Any CPU.ActiveCfg = Debug|Any CPU
		{229883AA-88A2-45FB-9261-5E2C0F0C93B2}.Debug|Any CPU.Build.0 = Debug|Any CPU
		{229883AA-88A2-45FB-9261-5E2C0F0C93B2}.Release|Any CPU.ActiveCfg = Release|Any CPU
		{229883AA-88A2-45FB-9261-5E2C0F0C93B2}.Release|Any CPU.Build.0 = Release|Any CPU
		{FADC61F7-EE20-4A68-A248-D18AFDE74794}.Debug|Any CPU.ActiveCfg = Debug|Any CPU
		{FADC61F7-EE20-4A68-A248-D18AFDE74794}.Debug|Any CPU.Build.0 = Debug|Any CPU
		{FADC61F7-EE20-4A68-A248-D18AFDE74794}.Release|Any CPU.ActiveCfg = Release|Any CPU
		{FADC61F7-EE20-4A68-A248-D18AFDE74794}.Release|Any CPU.Build.0 = Release|Any CPU
		{355337EA-B64B-4236-A64A-97ADE8C6B82D}.Debug|Any CPU.ActiveCfg = Debug|Any CPU
		{355337EA-B64B-4236-A64A-97ADE8C6B82D}.Debug|Any CPU.Build.0 = Debug|Any CPU
		{355337EA-B64B-4236-A64A-97ADE8C6B82D}.Release|Any CPU.ActiveCfg = Release|Any CPU
		{355337EA-B64B-4236-A64A-97ADE8C6B82D}.Release|Any CPU.Build.0 = Release|Any CPU
		{82C19E17-453D-4464-A060-BAF68964291A}.Debug|Any CPU.ActiveCfg = Debug|Any CPU
		{82C19E17-453D-4464-A060-BAF68964291A}.Debug|Any CPU.Build.0 = Debug|Any CPU
		{82C19E17-453D-4464-A060-BAF68964291A}.Release|Any CPU.ActiveCfg = Release|Any CPU
		{82C19E17-453D-4464-A060-BAF68964291A}.Release|Any CPU.Build.0 = Release|Any CPU
		{133A0EEF-7BDE-432A-9C5F-B53B2B962D7E}.Debug|Any CPU.ActiveCfg = Debug|Any CPU
		{133A0EEF-7BDE-432A-9C5F-B53B2B962D7E}.Debug|Any CPU.Build.0 = Debug|Any CPU
		{133A0EEF-7BDE-432A-9C5F-B53B2B962D7E}.Release|Any CPU.ActiveCfg = Release|Any CPU
		{133A0EEF-7BDE-432A-9C5F-B53B2B962D7E}.Release|Any CPU.Build.0 = Release|Any CPU
		{BC821C70-765C-4F2B-91A3-F6C4866B6E11}.Debug|Any CPU.ActiveCfg = Debug|Any CPU
		{BC821C70-765C-4F2B-91A3-F6C4866B6E11}.Debug|Any CPU.Build.0 = Debug|Any CPU
		{BC821C70-765C-4F2B-91A3-F6C4866B6E11}.Release|Any CPU.ActiveCfg = Release|Any CPU
		{BC821C70-765C-4F2B-91A3-F6C4866B6E11}.Release|Any CPU.Build.0 = Release|Any CPU
		{CD8B597E-D8A6-40AB-8416-028B3C61FAF2}.Debug|Any CPU.ActiveCfg = Debug|Any CPU
		{CD8B597E-D8A6-40AB-8416-028B3C61FAF2}.Debug|Any CPU.Build.0 = Debug|Any CPU
		{CD8B597E-D8A6-40AB-8416-028B3C61FAF2}.Release|Any CPU.ActiveCfg = Release|Any CPU
		{CD8B597E-D8A6-40AB-8416-028B3C61FAF2}.Release|Any CPU.Build.0 = Release|Any CPU
		{3FAA9784-A141-4E88-BAF6-CA5B6EE6C786}.Debug|Any CPU.ActiveCfg = Debug|Any CPU
		{3FAA9784-A141-4E88-BAF6-CA5B6EE6C786}.Debug|Any CPU.Build.0 = Debug|Any CPU
		{3FAA9784-A141-4E88-BAF6-CA5B6EE6C786}.Release|Any CPU.ActiveCfg = Release|Any CPU
		{3FAA9784-A141-4E88-BAF6-CA5B6EE6C786}.Release|Any CPU.Build.0 = Release|Any CPU
		{2F956A23-F11A-4654-8914-00660471B5C1}.Debug|Any CPU.ActiveCfg = Debug|Any CPU
		{2F956A23-F11A-4654-8914-00660471B5C1}.Debug|Any CPU.Build.0 = Debug|Any CPU
		{2F956A23-F11A-4654-8914-00660471B5C1}.Release|Any CPU.ActiveCfg = Release|Any CPU
		{2F956A23-F11A-4654-8914-00660471B5C1}.Release|Any CPU.Build.0 = Release|Any CPU
		{50A7FA4A-EEC3-4C4A-A654-B8CFC947C22B}.Debug|Any CPU.ActiveCfg = Debug|Any CPU
		{50A7FA4A-EEC3-4C4A-A654-B8CFC947C22B}.Debug|Any CPU.Build.0 = Debug|Any CPU
		{50A7FA4A-EEC3-4C4A-A654-B8CFC947C22B}.Release|Any CPU.ActiveCfg = Release|Any CPU
		{50A7FA4A-EEC3-4C4A-A654-B8CFC947C22B}.Release|Any CPU.Build.0 = Release|Any CPU
		{53841867-2570-4269-95EC-38BC1751C21F}.Debug|Any CPU.ActiveCfg = Debug|Any CPU
		{53841867-2570-4269-95EC-38BC1751C21F}.Debug|Any CPU.Build.0 = Debug|Any CPU
		{53841867-2570-4269-95EC-38BC1751C21F}.Release|Any CPU.ActiveCfg = Release|Any CPU
		{53841867-2570-4269-95EC-38BC1751C21F}.Release|Any CPU.Build.0 = Release|Any CPU
		{F0A84D2C-B8CB-40F3-AC7B-83F066476A2F}.Debug|Any CPU.ActiveCfg = Debug|Any CPU
		{F0A84D2C-B8CB-40F3-AC7B-83F066476A2F}.Debug|Any CPU.Build.0 = Debug|Any CPU
		{F0A84D2C-B8CB-40F3-AC7B-83F066476A2F}.Release|Any CPU.ActiveCfg = Release|Any CPU
		{F0A84D2C-B8CB-40F3-AC7B-83F066476A2F}.Release|Any CPU.Build.0 = Release|Any CPU
		{B4C415C4-33D5-4929-BB16-6985D50FCC52}.Debug|Any CPU.ActiveCfg = Debug|Any CPU
		{B4C415C4-33D5-4929-BB16-6985D50FCC52}.Debug|Any CPU.Build.0 = Debug|Any CPU
		{B4C415C4-33D5-4929-BB16-6985D50FCC52}.Release|Any CPU.ActiveCfg = Release|Any CPU
		{B4C415C4-33D5-4929-BB16-6985D50FCC52}.Release|Any CPU.Build.0 = Release|Any CPU
	EndGlobalSection
	GlobalSection(SolutionProperties) = preSolution
		HideSolutionNode = FALSE
	EndGlobalSection
EndGlobal
